
Microsoft Visual Studio Solution File, Format Version 12.00
# Visual Studio Version 17
VisualStudioVersion = 17.7.34009.444
MinimumVisualStudioVersion = 10.0.40219.1
Project("{FAE04EC0-301F-11D3-BF4B-00C04F79EFBC}") = "Reporte_Exc#L", "Reporte_Exc#L.csproj", "{CA3DFD6D-2F0C-4929-A4CE-8DE89EB23110}"
EndProject
Global
	GlobalSection(SolutionConfigurationPlatforms) = preSolution
		Debug|Any CPU = Debug|Any CPU
		Release|Any CPU = Release|Any CPU
	EndGlobalSection
	GlobalSection(ProjectConfigurationPlatforms) = postSolution
		{CA3DFD6D-2F0C-4929-A4CE-8DE89EB23110}.Debug|Any CPU.ActiveCfg = Debug|Any CPU
		{CA3DFD6D-2F0C-4929-A4CE-8DE89EB23110}.Debug|Any CPU.Build.0 = Debug|Any CPU
		{CA3DFD6D-2F0C-4929-A4CE-8DE89EB23110}.Release|Any CPU.ActiveCfg = Release|Any CPU
		{CA3DFD6D-2F0C-4929-A4CE-8DE89EB23110}.Release|Any CPU.Build.0 = Release|Any CPU
	EndGlobalSection
	GlobalSection(SolutionProperties) = preSolution
		HideSolutionNode = FALSE
	EndGlobalSection
	GlobalSection(ExtensibilityGlobals) = postSolution
		SolutionGuid = {7F1F6C8B-A618-435C-88A2-5B5B2EF9DDCF}
	EndGlobalSection
EndGlobal
